
Microsoft Visual Studio Solution File, Format Version 11.00
# Visual Studio 2010
Project("{FAE04EC0-301F-11D3-BF4B-00C04F79EFBC}") = "GuzoClicker", "GuzoClicker\GuzoClicker.csproj", "{DE7F8728-6C9D-4EC1-BBCC-5C8269BF59B2}"
EndProject
Global
	GlobalSection(SolutionConfigurationPlatforms) = preSolution
		Debug|Any CPU = Debug|Any CPU
		Debug|Mixed Platforms = Debug|Mixed Platforms
		Debug|x64 = Debug|x64
		Release|Any CPU = Release|Any CPU
		Release|Mixed Platforms = Release|Mixed Platforms
		Release|x64 = Release|x64
	EndGlobalSection
	GlobalSection(ProjectConfigurationPlatforms) = postSolution
		{DE7F8728-6C9D-4EC1-BBCC-5C8269BF59B2}.Debug|Any CPU.ActiveCfg = Debug|x64
		{DE7F8728-6C9D-4EC1-BBCC-5C8269BF59B2}.Debug|Any CPU.Build.0 = Debug|x64
		{DE7F8728-6C9D-4EC1-BBCC-5C8269BF59B2}.Debug|Mixed Platforms.ActiveCfg = Debug|x64
		{DE7F8728-6C9D-4EC1-BBCC-5C8269BF59B2}.Debug|Mixed Platforms.Build.0 = Debug|x64
		{DE7F8728-6C9D-4EC1-BBCC-5C8269BF59B2}.Debug|x64.ActiveCfg = Debug|x64
		{DE7F8728-6C9D-4EC1-BBCC-5C8269BF59B2}.Debug|x64.Build.0 = Debug|x64
		{DE7F8728-6C9D-4EC1-BBCC-5C8269BF59B2}.Release|Any CPU.ActiveCfg = Release|x64
		{DE7F8728-6C9D-4EC1-BBCC-5C8269BF59B2}.Release|Any CPU.Build.0 = Release|x64
		{DE7F8728-6C9D-4EC1-BBCC-5C8269BF59B2}.Release|Mixed Platforms.ActiveCfg = Release|x64
		{DE7F8728-6C9D-4EC1-BBCC-5C8269BF59B2}.Release|Mixed Platforms.Build.0 = Release|x64
		{DE7F8728-6C9D-4EC1-BBCC-5C8269BF59B2}.Release|x64.ActiveCfg = Release|x64
		{DE7F8728-6C9D-4EC1-BBCC-5C8269BF59B2}.Release|x64.Build.0 = Release|x64
	EndGlobalSection
	GlobalSection(SolutionProperties) = preSolution
		HideSolutionNode = FALSE
	EndGlobalSection
EndGlobal
